
Microsoft Visual Studio Solution File, Format Version 12.00
# Visual Studio Version 17
VisualStudioVersion = 17.10.34916.146
MinimumVisualStudioVersion = 10.0.40219.1
Project("{9A19103F-16F7-4668-BE54-9A1E7A4F7556}") = "PCBDefectMiddleware", "OPCTestting\PCBDefectMiddleware.csproj", "{52C93F33-30C8-4968-BAEE-3710308D9222}"
EndProject
Global
	GlobalSection(SolutionConfigurationPlatforms) = preSolution
		Debug|Any CPU = Debug|Any CPU
		Release|Any CPU = Release|Any CPU
	EndGlobalSection
	GlobalSection(ProjectConfigurationPlatforms) = postSolution
		{52C93F33-30C8-4968-BAEE-3710308D9222}.Debug|Any CPU.ActiveCfg = Debug|Any CPU
		{52C93F33-30C8-4968-BAEE-3710308D9222}.Debug|Any CPU.Build.0 = Debug|Any CPU
		{52C93F33-30C8-4968-BAEE-3710308D9222}.Release|Any CPU.ActiveCfg = Release|Any CPU
		{52C93F33-30C8-4968-BAEE-3710308D9222}.Release|Any CPU.Build.0 = Release|Any CPU
	EndGlobalSection
	GlobalSection(SolutionProperties) = preSolution
		HideSolutionNode = FALSE
	EndGlobalSection
	GlobalSection(ExtensibilityGlobals) = postSolution
		SolutionGuid = {8F352DC8-F770-47F4-9CF7-B3FEBC9B455F}
	EndGlobalSection
EndGlobal
